
Microsoft Visual Studio Solution File, Format Version 12.00
# Visual Studio 15
VisualStudioVersion = 15.0.28307.705
MinimumVisualStudioVersion = 10.0.40219.1
Project("{9A19103F-16F7-4668-BE54-9A1E7A4F7556}") = "AspNetCore.WebApi", "src\AspNetCore.WebApi\AspNetCore.WebApi.csproj", "{C0F19383-7842-4628-93F0-9056EC5785C7}"
EndProject
Project("{9A19103F-16F7-4668-BE54-9A1E7A4F7556}") = "AspNetCore.Gateway.Ocelot", "src\AspNetCore.Gateway.Ocelot\AspNetCore.Gateway.Ocelot.csproj", "{985C9A4F-B934-4D80-A19A-A20B8DDAF87C}"
EndProject
Project("{9A19103F-16F7-4668-BE54-9A1E7A4F7556}") = "AspNetCore.ConsoleClient", "src\AspNetCore.ConsoleClient\AspNetCore.ConsoleClient.csproj", "{0951897F-C26A-4A58-9DB4-120B4761EF1E}"
EndProject
Project("{FAE04EC0-301F-11D3-BF4B-00C04F79EFBC}") = "AspNetCore.SecurityCommon", "src\AspNetCore.SecurityCommon\AspNetCore.SecurityCommon.csproj", "{AFF3853E-E525-4A1B-903F-12C238FD30A2}"
EndProject
Global
	GlobalSection(SolutionConfigurationPlatforms) = preSolution
		Debug|Any CPU = Debug|Any CPU
		Release|Any CPU = Release|Any CPU
	EndGlobalSection
	GlobalSection(ProjectConfigurationPlatforms) = postSolution
		{C0F19383-7842-4628-93F0-9056EC5785C7}.Debug|Any CPU.ActiveCfg = Debug|Any CPU
		{C0F19383-7842-4628-93F0-9056EC5785C7}.Debug|Any CPU.Build.0 = Debug|Any CPU
		{C0F19383-7842-4628-93F0-9056EC5785C7}.Release|Any CPU.ActiveCfg = Release|Any CPU
		{C0F19383-7842-4628-93F0-9056EC5785C7}.Release|Any CPU.Build.0 = Release|Any CPU
		{985C9A4F-B934-4D80-A19A-A20B8DDAF87C}.Debug|Any CPU.ActiveCfg = Debug|Any CPU
		{985C9A4F-B934-4D80-A19A-A20B8DDAF87C}.Debug|Any CPU.Build.0 = Debug|Any CPU
		{985C9A4F-B934-4D80-A19A-A20B8DDAF87C}.Release|Any CPU.ActiveCfg = Release|Any CPU
		{985C9A4F-B934-4D80-A19A-A20B8DDAF87C}.Release|Any CPU.Build.0 = Release|Any CPU
		{0951897F-C26A-4A58-9DB4-120B4761EF1E}.Debug|Any CPU.ActiveCfg = Debug|Any CPU
		{0951897F-C26A-4A58-9DB4-120B4761EF1E}.Debug|Any CPU.Build.0 = Debug|Any CPU
		{0951897F-C26A-4A58-9DB4-120B4761EF1E}.Release|Any CPU.ActiveCfg = Release|Any CPU
		{0951897F-C26A-4A58-9DB4-120B4761EF1E}.Release|Any CPU.Build.0 = Release|Any CPU
		{AFF3853E-E525-4A1B-903F-12C238FD30A2}.Debug|Any CPU.ActiveCfg = Debug|Any CPU
		{AFF3853E-E525-4A1B-903F-12C238FD30A2}.Debug|Any CPU.Build.0 = Debug|Any CPU
		{AFF3853E-E525-4A1B-903F-12C238FD30A2}.Release|Any CPU.ActiveCfg = Release|Any CPU
		{AFF3853E-E525-4A1B-903F-12C238FD30A2}.Release|Any CPU.Build.0 = Release|Any CPU
	EndGlobalSection
	GlobalSection(SolutionProperties) = preSolution
		HideSolutionNode = FALSE
	EndGlobalSection
	GlobalSection(ExtensibilityGlobals) = postSolution
		SolutionGuid = {8EF9ACAA-9A40-4B41-B6B0-82FD45BFEED6}
	EndGlobalSection
EndGlobal
